
Microsoft Visual Studio Solution File, Format Version 12.00
# Visual Studio Version 16
VisualStudioVersion = 16.0.30804.86
MinimumVisualStudioVersion = 10.0.40219.1
Project("{FAE04EC0-301F-11D3-BF4B-00C04F79EFBC}") = "encode", "encode\encode.csproj", "{5061F21B-E419-4FE3-8114-9C7005DFC952}"
EndProject
Global
	GlobalSection(SolutionConfigurationPlatforms) = preSolution
		Debug|Any CPU = Debug|Any CPU
		Release|Any CPU = Release|Any CPU
	EndGlobalSection
	GlobalSection(ProjectConfigurationPlatforms) = postSolution
		{5061F21B-E419-4FE3-8114-9C7005DFC952}.Debug|Any CPU.ActiveCfg = Debug|Any CPU
		{5061F21B-E419-4FE3-8114-9C7005DFC952}.Debug|Any CPU.Build.0 = Debug|Any CPU
		{5061F21B-E419-4FE3-8114-9C7005DFC952}.Release|Any CPU.ActiveCfg = Release|Any CPU
		{5061F21B-E419-4FE3-8114-9C7005DFC952}.Release|Any CPU.Build.0 = Release|Any CPU
	EndGlobalSection
	GlobalSection(SolutionProperties) = preSolution
		HideSolutionNode = FALSE
	EndGlobalSection
	GlobalSection(ExtensibilityGlobals) = postSolution
		SolutionGuid = {7C6FCF75-4BE2-4D1A-A635-270E3C9E571D}
	EndGlobalSection
EndGlobal
